
Microsoft Visual Studio Solution File, Format Version 11.00
# Visual Studio 2010 Express for Windows Phone
Project("{FAE04EC0-301F-11D3-BF4B-00C04F79EFBC}") = "KitchenTimer", "KitchenTimer\KitchenTimer.csproj", "{4BDC6804-3BA6-486F-AB6A-6EECCD9E1751}"
EndProject
Global
	GlobalSection(SolutionConfigurationPlatforms) = preSolution
		Debug|Any CPU = Debug|Any CPU
		Release|Any CPU = Release|Any CPU
	EndGlobalSection
	GlobalSection(ProjectConfigurationPlatforms) = postSolution
		{4BDC6804-3BA6-486F-AB6A-6EECCD9E1751}.Debug|Any CPU.ActiveCfg = Debug|Any CPU
		{4BDC6804-3BA6-486F-AB6A-6EECCD9E1751}.Debug|Any CPU.Build.0 = Debug|Any CPU
		{4BDC6804-3BA6-486F-AB6A-6EECCD9E1751}.Debug|Any CPU.Deploy.0 = Debug|Any CPU
		{4BDC6804-3BA6-486F-AB6A-6EECCD9E1751}.Release|Any CPU.ActiveCfg = Release|Any CPU
		{4BDC6804-3BA6-486F-AB6A-6EECCD9E1751}.Release|Any CPU.Build.0 = Release|Any CPU
		{4BDC6804-3BA6-486F-AB6A-6EECCD9E1751}.Release|Any CPU.Deploy.0 = Release|Any CPU
	EndGlobalSection
	GlobalSection(SolutionProperties) = preSolution
		HideSolutionNode = FALSE
	EndGlobalSection
EndGlobal
